// !$*UTF8*$!
{
	archiveVersion = 1;
	classes = {
	};
	objectVersion = 50;
	objects = {

/* Begin PBXBuildFile section */
		0503C06911C92F711A475AB4 /* Pods_Star_Wars_Info.framework in Frameworks */ = {isa = PBXBuildFile; fileRef = 2D58AAB52F66C007259A19C7 /* Pods_Star_Wars_Info.framework */; };
		065EC4742160A4F9442C1B97 /* Pods_Star_Wars_InfoTests.framework in Frameworks */ = {isa = PBXBuildFile; fileRef = 2F59CC612EE16FA092DEA8B0 /* Pods_Star_Wars_InfoTests.framework */; };
		5115240C21BC72D900FDC466 /* StarWarsApi.swift in Sources */ = {isa = PBXBuildFile; fileRef = 5115240B21BC72D900FDC466 /* StarWarsApi.swift */; };
		5115240F21BC87E300FDC466 /* Constants.swift in Sources */ = {isa = PBXBuildFile; fileRef = 5115240E21BC87E300FDC466 /* Constants.swift */; };
		5115241121BC8E8300FDC466 /* InfoListViewController.swift in Sources */ = {isa = PBXBuildFile; fileRef = 5115241021BC8E8300FDC466 /* InfoListViewController.swift */; };
		5115241321BC8EF900FDC466 /* InfoChoiceViewController.swift in Sources */ = {isa = PBXBuildFile; fileRef = 5115241221BC8EF900FDC466 /* InfoChoiceViewController.swift */; };
		5115241521BC8F1700FDC466 /* InfoDetailViewController.swift in Sources */ = {isa = PBXBuildFile; fileRef = 5115241421BC8F1700FDC466 /* InfoDetailViewController.swift */; };
		5115241721BC8F2C00FDC466 /* FavoritesListViewController.swift in Sources */ = {isa = PBXBuildFile; fileRef = 5115241621BC8F2C00FDC466 /* FavoritesListViewController.swift */; };
		5115241921BC8F5900FDC466 /* FavoritesDetailViewController.swift in Sources */ = {isa = PBXBuildFile; fileRef = 5115241821BC8F5900FDC466 /* FavoritesDetailViewController.swift */; };
		5115241B21BC8F6B00FDC466 /* SettingsViewController.swift in Sources */ = {isa = PBXBuildFile; fileRef = 5115241A21BC8F6B00FDC466 /* SettingsViewController.swift */; };
		5115241D21BC8FF500FDC466 /* InfoChoiceViewModel.swift in Sources */ = {isa = PBXBuildFile; fileRef = 5115241C21BC8FF500FDC466 /* InfoChoiceViewModel.swift */; };
		5115241F21BC900A00FDC466 /* InfoListViewModel.swift in Sources */ = {isa = PBXBuildFile; fileRef = 5115241E21BC900A00FDC466 /* InfoListViewModel.swift */; };
		5115242121BC901D00FDC466 /* InfoDetailViewModel.swift in Sources */ = {isa = PBXBuildFile; fileRef = 5115242021BC901D00FDC466 /* InfoDetailViewModel.swift */; };
		5115242321BC903C00FDC466 /* FavoritesListViewModel.swift in Sources */ = {isa = PBXBuildFile; fileRef = 5115242221BC903C00FDC466 /* FavoritesListViewModel.swift */; };
		5115242521BC905100FDC466 /* FavoritesDetailViewModel.swift in Sources */ = {isa = PBXBuildFile; fileRef = 5115242421BC905100FDC466 /* FavoritesDetailViewModel.swift */; };
		5115242721BC906500FDC466 /* SettingsViewModel.swift in Sources */ = {isa = PBXBuildFile; fileRef = 5115242621BC906500FDC466 /* SettingsViewModel.swift */; };
		5115242921BCBD6800FDC466 /* BindableType.swift in Sources */ = {isa = PBXBuildFile; fileRef = 5115242821BCBD6800FDC466 /* BindableType.swift */; };
		5115242B21BCCB4800FDC466 /* Theme.swift in Sources */ = {isa = PBXBuildFile; fileRef = 5115242A21BCCB4800FDC466 /* Theme.swift */; };
		5115242D21BCD83300FDC466 /* Coordinator.swift in Sources */ = {isa = PBXBuildFile; fileRef = 5115242C21BCD83300FDC466 /* Coordinator.swift */; };
		5115242F21BCDB7600FDC466 /* CoordinatorType.swift in Sources */ = {isa = PBXBuildFile; fileRef = 5115242E21BCDB7600FDC466 /* CoordinatorType.swift */; };
		5115243121BCDBE500FDC466 /* AppCoordinator.swift in Sources */ = {isa = PBXBuildFile; fileRef = 5115243021BCDBE500FDC466 /* AppCoordinator.swift */; };
		5115243321BCDC1100FDC466 /* Coordinator+ViewController.swift in Sources */ = {isa = PBXBuildFile; fileRef = 5115243221BCDC1100FDC466 /* Coordinator+ViewController.swift */; };
		5115243521BCDC2400FDC466 /* TransitionType.swift in Sources */ = {isa = PBXBuildFile; fileRef = 5115243421BCDC2400FDC466 /* TransitionType.swift */; };
		5115243721BCE2FC00FDC466 /* UINavigationController+Rx.swift in Sources */ = {isa = PBXBuildFile; fileRef = 5115243621BCE2FC00FDC466 /* UINavigationController+Rx.swift */; };
		5115243921BDF65B00FDC466 /* TabCoordinator.swift in Sources */ = {isa = PBXBuildFile; fileRef = 5115243821BDF65B00FDC466 /* TabCoordinator.swift */; };
		5115243F21C21AC700FDC466 /* Storyboard+Extensions.swift in Sources */ = {isa = PBXBuildFile; fileRef = 5115243E21C21AC700FDC466 /* Storyboard+Extensions.swift */; };
		5115244121C2200E00FDC466 /* InfoTabCoordinator.swift in Sources */ = {isa = PBXBuildFile; fileRef = 5115244021C2200E00FDC466 /* InfoTabCoordinator.swift */; };
		5115244321C2207D00FDC466 /* FavoriteTabCoordinator.swift in Sources */ = {isa = PBXBuildFile; fileRef = 5115244221C2207D00FDC466 /* FavoriteTabCoordinator.swift */; };
		5115244521C2209C00FDC466 /* SettingsTabCoordinator.swift in Sources */ = {isa = PBXBuildFile; fileRef = 5115244421C2209C00FDC466 /* SettingsTabCoordinator.swift */; };
		5115244821C2228F00FDC466 /* Favorites.storyboard in Resources */ = {isa = PBXBuildFile; fileRef = 5115244721C2228F00FDC466 /* Favorites.storyboard */; };
		5115244A21C222A100FDC466 /* Settings.storyboard in Resources */ = {isa = PBXBuildFile; fileRef = 5115244921C222A100FDC466 /* Settings.storyboard */; };
		519E7BD921BB55D9002518EB /* AppDelegate.swift in Sources */ = {isa = PBXBuildFile; fileRef = 519E7BD821BB55D9002518EB /* AppDelegate.swift */; };
		519E7BDB21BB55D9002518EB /* ViewController.swift in Sources */ = {isa = PBXBuildFile; fileRef = 519E7BDA21BB55D9002518EB /* ViewController.swift */; };
		519E7BDE21BB55D9002518EB /* Main.storyboard in Resources */ = {isa = PBXBuildFile; fileRef = 519E7BDC21BB55D9002518EB /* Main.storyboard */; };
		519E7BE021BB55DB002518EB /* Assets.xcassets in Resources */ = {isa = PBXBuildFile; fileRef = 519E7BDF21BB55DB002518EB /* Assets.xcassets */; };
		519E7BE321BB55DB002518EB /* LaunchScreen.storyboard in Resources */ = {isa = PBXBuildFile; fileRef = 519E7BE121BB55DB002518EB /* LaunchScreen.storyboard */; };
		519E7BEE21BB55DB002518EB /* Star_Wars_InfoTests.swift in Sources */ = {isa = PBXBuildFile; fileRef = 519E7BED21BB55DB002518EB /* Star_Wars_InfoTests.swift */; };
		519E7BF921BB55DB002518EB /* Star_Wars_InfoUITests.swift in Sources */ = {isa = PBXBuildFile; fileRef = 519E7BF821BB55DB002518EB /* Star_Wars_InfoUITests.swift */; };
		7DA77907604A91B6AF526D64 /* Pods_Star_Wars_InfoUITests.framework in Frameworks */ = {isa = PBXBuildFile; fileRef = 9A771039024D804C2E304C0C /* Pods_Star_Wars_InfoUITests.framework */; };
/* End PBXBuildFile section */

/* Begin PBXContainerItemProxy section */
		519E7BEA21BB55DB002518EB /* PBXContainerItemProxy */ = {
			isa = PBXContainerItemProxy;
			containerPortal = 519E7BCD21BB55D8002518EB /* Project object */;
			proxyType = 1;
			remoteGlobalIDString = 519E7BD421BB55D8002518EB;
			remoteInfo = "Star Wars Info";
		};
		519E7BF521BB55DB002518EB /* PBXContainerItemProxy */ = {
			isa = PBXContainerItemProxy;
			containerPortal = 519E7BCD21BB55D8002518EB /* Project object */;
			proxyType = 1;
			remoteGlobalIDString = 519E7BD421BB55D8002518EB;
			remoteInfo = "Star Wars Info";
		};
/* End PBXContainerItemProxy section */

/* Begin PBXFileReference section */
		2D58AAB52F66C007259A19C7 /* Pods_Star_Wars_Info.framework */ = {isa = PBXFileReference; explicitFileType = wrapper.framework; includeInIndex = 0; path = Pods_Star_Wars_Info.framework; sourceTree = BUILT_PRODUCTS_DIR; };
		2F59CC612EE16FA092DEA8B0 /* Pods_Star_Wars_InfoTests.framework */ = {isa = PBXFileReference; explicitFileType = wrapper.framework; includeInIndex = 0; path = Pods_Star_Wars_InfoTests.framework; sourceTree = BUILT_PRODUCTS_DIR; };
		5115240B21BC72D900FDC466 /* StarWarsApi.swift */ = {isa = PBXFileReference; lastKnownFileType = sourcecode.swift; path = StarWarsApi.swift; sourceTree = "<group>"; };
		5115240E21BC87E300FDC466 /* Constants.swift */ = {isa = PBXFileReference; lastKnownFileType = sourcecode.swift; path = Constants.swift; sourceTree = "<group>"; };
		5115241021BC8E8300FDC466 /* InfoListViewController.swift */ = {isa = PBXFileReference; lastKnownFileType = sourcecode.swift; path = InfoListViewController.swift; sourceTree = "<group>"; };
		5115241221BC8EF900FDC466 /* InfoChoiceViewController.swift */ = {isa = PBXFileReference; lastKnownFileType = sourcecode.swift; path = InfoChoiceViewController.swift; sourceTree = "<group>"; };
		5115241421BC8F1700FDC466 /* InfoDetailViewController.swift */ = {isa = PBXFileReference; lastKnownFileType = sourcecode.swift; path = InfoDetailViewController.swift; sourceTree = "<group>"; };
		5115241621BC8F2C00FDC466 /* FavoritesListViewController.swift */ = {isa = PBXFileReference; lastKnownFileType = sourcecode.swift; path = FavoritesListViewController.swift; sourceTree = "<group>"; };
		5115241821BC8F5900FDC466 /* FavoritesDetailViewController.swift */ = {isa = PBXFileReference; lastKnownFileType = sourcecode.swift; path = FavoritesDetailViewController.swift; sourceTree = "<group>"; };
		5115241A21BC8F6B00FDC466 /* SettingsViewController.swift */ = {isa = PBXFileReference; lastKnownFileType = sourcecode.swift; path = SettingsViewController.swift; sourceTree = "<group>"; };
		5115241C21BC8FF500FDC466 /* InfoChoiceViewModel.swift */ = {isa = PBXFileReference; lastKnownFileType = sourcecode.swift; path = InfoChoiceViewModel.swift; sourceTree = "<group>"; };
		5115241E21BC900A00FDC466 /* InfoListViewModel.swift */ = {isa = PBXFileReference; lastKnownFileType = sourcecode.swift; path = InfoListViewModel.swift; sourceTree = "<group>"; };
		5115242021BC901D00FDC466 /* InfoDetailViewModel.swift */ = {isa = PBXFileReference; lastKnownFileType = sourcecode.swift; path = InfoDetailViewModel.swift; sourceTree = "<group>"; };
		5115242221BC903C00FDC466 /* FavoritesListViewModel.swift */ = {isa = PBXFileReference; lastKnownFileType = sourcecode.swift; path = FavoritesListViewModel.swift; sourceTree = "<group>"; };
		5115242421BC905100FDC466 /* FavoritesDetailViewModel.swift */ = {isa = PBXFileReference; lastKnownFileType = sourcecode.swift; path = FavoritesDetailViewModel.swift; sourceTree = "<group>"; };
		5115242621BC906500FDC466 /* SettingsViewModel.swift */ = {isa = PBXFileReference; lastKnownFileType = sourcecode.swift; path = SettingsViewModel.swift; sourceTree = "<group>"; };
		5115242821BCBD6800FDC466 /* BindableType.swift */ = {isa = PBXFileReference; lastKnownFileType = sourcecode.swift; path = BindableType.swift; sourceTree = "<group>"; };
		5115242A21BCCB4800FDC466 /* Theme.swift */ = {isa = PBXFileReference; lastKnownFileType = sourcecode.swift; path = Theme.swift; sourceTree = "<group>"; };
		5115242C21BCD83300FDC466 /* Coordinator.swift */ = {isa = PBXFileReference; lastKnownFileType = sourcecode.swift; path = Coordinator.swift; sourceTree = "<group>"; };
		5115242E21BCDB7600FDC466 /* CoordinatorType.swift */ = {isa = PBXFileReference; lastKnownFileType = sourcecode.swift; path = CoordinatorType.swift; sourceTree = "<group>"; };
		5115243021BCDBE500FDC466 /* AppCoordinator.swift */ = {isa = PBXFileReference; lastKnownFileType = sourcecode.swift; path = AppCoordinator.swift; sourceTree = "<group>"; };
		5115243221BCDC1100FDC466 /* Coordinator+ViewController.swift */ = {isa = PBXFileReference; lastKnownFileType = sourcecode.swift; path = "Coordinator+ViewController.swift"; sourceTree = "<group>"; };
		5115243421BCDC2400FDC466 /* TransitionType.swift */ = {isa = PBXFileReference; lastKnownFileType = sourcecode.swift; path = TransitionType.swift; sourceTree = "<group>"; };
		5115243621BCE2FC00FDC466 /* UINavigationController+Rx.swift */ = {isa = PBXFileReference; lastKnownFileType = sourcecode.swift; path = "UINavigationController+Rx.swift"; sourceTree = "<group>"; };
		5115243821BDF65B00FDC466 /* TabCoordinator.swift */ = {isa = PBXFileReference; lastKnownFileType = sourcecode.swift; path = TabCoordinator.swift; sourceTree = "<group>"; };
		5115243E21C21AC700FDC466 /* Storyboard+Extensions.swift */ = {isa = PBXFileReference; lastKnownFileType = sourcecode.swift; path = "Storyboard+Extensions.swift"; sourceTree = "<group>"; };
		5115244021C2200E00FDC466 /* InfoTabCoordinator.swift */ = {isa = PBXFileReference; lastKnownFileType = sourcecode.swift; path = InfoTabCoordinator.swift; sourceTree = "<group>"; };
		5115244221C2207D00FDC466 /* FavoriteTabCoordinator.swift */ = {isa = PBXFileReference; lastKnownFileType = sourcecode.swift; path = FavoriteTabCoordinator.swift; sourceTree = "<group>"; };
		5115244421C2209C00FDC466 /* SettingsTabCoordinator.swift */ = {isa = PBXFileReference; lastKnownFileType = sourcecode.swift; path = SettingsTabCoordinator.swift; sourceTree = "<group>"; };
		5115244721C2228F00FDC466 /* Favorites.storyboard */ = {isa = PBXFileReference; lastKnownFileType = file.storyboard; path = Favorites.storyboard; sourceTree = "<group>"; };
		5115244921C222A100FDC466 /* Settings.storyboard */ = {isa = PBXFileReference; lastKnownFileType = file.storyboard; path = Settings.storyboard; sourceTree = "<group>"; };
		519E7BD521BB55D9002518EB /* Star Wars Info.app */ = {isa = PBXFileReference; explicitFileType = wrapper.application; includeInIndex = 0; path = "Star Wars Info.app"; sourceTree = BUILT_PRODUCTS_DIR; };
		519E7BD821BB55D9002518EB /* AppDelegate.swift */ = {isa = PBXFileReference; lastKnownFileType = sourcecode.swift; path = AppDelegate.swift; sourceTree = "<group>"; };
		519E7BDA21BB55D9002518EB /* ViewController.swift */ = {isa = PBXFileReference; lastKnownFileType = sourcecode.swift; path = ViewController.swift; sourceTree = "<group>"; };
		519E7BDD21BB55D9002518EB /* Base */ = {isa = PBXFileReference; lastKnownFileType = file.storyboard; name = Base; path = Base.lproj/Main.storyboard; sourceTree = "<group>"; };
		519E7BDF21BB55DB002518EB /* Assets.xcassets */ = {isa = PBXFileReference; lastKnownFileType = folder.assetcatalog; path = Assets.xcassets; sourceTree = "<group>"; };
		519E7BE221BB55DB002518EB /* Base */ = {isa = PBXFileReference; lastKnownFileType = file.storyboard; name = Base; path = Base.lproj/LaunchScreen.storyboard; sourceTree = "<group>"; };
		519E7BE421BB55DB002518EB /* Info.plist */ = {isa = PBXFileReference; lastKnownFileType = text.plist.xml; path = Info.plist; sourceTree = "<group>"; };
		519E7BE921BB55DB002518EB /* Star Wars InfoTests.xctest */ = {isa = PBXFileReference; explicitFileType = wrapper.cfbundle; includeInIndex = 0; path = "Star Wars InfoTests.xctest"; sourceTree = BUILT_PRODUCTS_DIR; };
		519E7BED21BB55DB002518EB /* Star_Wars_InfoTests.swift */ = {isa = PBXFileReference; lastKnownFileType = sourcecode.swift; path = Star_Wars_InfoTests.swift; sourceTree = "<group>"; };
		519E7BEF21BB55DB002518EB /* Info.plist */ = {isa = PBXFileReference; lastKnownFileType = text.plist.xml; path = Info.plist; sourceTree = "<group>"; };
		519E7BF421BB55DB002518EB /* Star Wars InfoUITests.xctest */ = {isa = PBXFileReference; explicitFileType = wrapper.cfbundle; includeInIndex = 0; path = "Star Wars InfoUITests.xctest"; sourceTree = BUILT_PRODUCTS_DIR; };
		519E7BF821BB55DB002518EB /* Star_Wars_InfoUITests.swift */ = {isa = PBXFileReference; lastKnownFileType = sourcecode.swift; path = Star_Wars_InfoUITests.swift; sourceTree = "<group>"; };
		519E7BFA21BB55DB002518EB /* Info.plist */ = {isa = PBXFileReference; lastKnownFileType = text.plist.xml; path = Info.plist; sourceTree = "<group>"; };
		9873F9F3C96F4F8C24A1B4AE /* Pods-Star Wars InfoTests.debug.xcconfig */ = {isa = PBXFileReference; includeInIndex = 1; lastKnownFileType = text.xcconfig; name = "Pods-Star Wars InfoTests.debug.xcconfig"; path = "Pods/Target Support Files/Pods-Star Wars InfoTests/Pods-Star Wars InfoTests.debug.xcconfig"; sourceTree = "<group>"; };
		9A771039024D804C2E304C0C /* Pods_Star_Wars_InfoUITests.framework */ = {isa = PBXFileReference; explicitFileType = wrapper.framework; includeInIndex = 0; path = Pods_Star_Wars_InfoUITests.framework; sourceTree = BUILT_PRODUCTS_DIR; };
		B4377EB66D4985A0EB8574C3 /* Pods-Star Wars InfoUITests.release.xcconfig */ = {isa = PBXFileReference; includeInIndex = 1; lastKnownFileType = text.xcconfig; name = "Pods-Star Wars InfoUITests.release.xcconfig"; path = "Pods/Target Support Files/Pods-Star Wars InfoUITests/Pods-Star Wars InfoUITests.release.xcconfig"; sourceTree = "<group>"; };
		C60EACA1D74796DAC101A6A0 /* Pods-Star Wars Info.release.xcconfig */ = {isa = PBXFileReference; includeInIndex = 1; lastKnownFileType = text.xcconfig; name = "Pods-Star Wars Info.release.xcconfig"; path = "Pods/Target Support Files/Pods-Star Wars Info/Pods-Star Wars Info.release.xcconfig"; sourceTree = "<group>"; };
		E935275694076095EBF7FA2C /* Pods-Star Wars InfoUITests.debug.xcconfig */ = {isa = PBXFileReference; includeInIndex = 1; lastKnownFileType = text.xcconfig; name = "Pods-Star Wars InfoUITests.debug.xcconfig"; path = "Pods/Target Support Files/Pods-Star Wars InfoUITests/Pods-Star Wars InfoUITests.debug.xcconfig"; sourceTree = "<group>"; };
		F4BB39AC1ADDEE9A6716FE9A /* Pods-Star Wars InfoTests.release.xcconfig */ = {isa = PBXFileReference; includeInIndex = 1; lastKnownFileType = text.xcconfig; name = "Pods-Star Wars InfoTests.release.xcconfig"; path = "Pods/Target Support Files/Pods-Star Wars InfoTests/Pods-Star Wars InfoTests.release.xcconfig"; sourceTree = "<group>"; };
		F64BD6F9EA81113F8AEA5CD1 /* Pods-Star Wars Info.debug.xcconfig */ = {isa = PBXFileReference; includeInIndex = 1; lastKnownFileType = text.xcconfig; name = "Pods-Star Wars Info.debug.xcconfig"; path = "Pods/Target Support Files/Pods-Star Wars Info/Pods-Star Wars Info.debug.xcconfig"; sourceTree = "<group>"; };
/* End PBXFileReference section */

/* Begin PBXFrameworksBuildPhase section */
		519E7BD221BB55D8002518EB /* Frameworks */ = {
			isa = PBXFrameworksBuildPhase;
			buildActionMask = 2147483647;
			files = (
				0503C06911C92F711A475AB4 /* Pods_Star_Wars_Info.framework in Frameworks */,
			);
			runOnlyForDeploymentPostprocessing = 0;
		};
		519E7BE621BB55DB002518EB /* Frameworks */ = {
			isa = PBXFrameworksBuildPhase;
			buildActionMask = 2147483647;
			files = (
				065EC4742160A4F9442C1B97 /* Pods_Star_Wars_InfoTests.framework in Frameworks */,
			);
			runOnlyForDeploymentPostprocessing = 0;
		};
		519E7BF121BB55DB002518EB /* Frameworks */ = {
			isa = PBXFrameworksBuildPhase;
			buildActionMask = 2147483647;
			files = (
				7DA77907604A91B6AF526D64 /* Pods_Star_Wars_InfoUITests.framework in Frameworks */,
			);
			runOnlyForDeploymentPostprocessing = 0;
		};
/* End PBXFrameworksBuildPhase section */

/* Begin PBXGroup section */
		346C0B75A0E838E2EFF82A76 /* Pods */ = {
			isa = PBXGroup;
			children = (
				F64BD6F9EA81113F8AEA5CD1 /* Pods-Star Wars Info.debug.xcconfig */,
				C60EACA1D74796DAC101A6A0 /* Pods-Star Wars Info.release.xcconfig */,
				9873F9F3C96F4F8C24A1B4AE /* Pods-Star Wars InfoTests.debug.xcconfig */,
				F4BB39AC1ADDEE9A6716FE9A /* Pods-Star Wars InfoTests.release.xcconfig */,
				E935275694076095EBF7FA2C /* Pods-Star Wars InfoUITests.debug.xcconfig */,
				B4377EB66D4985A0EB8574C3 /* Pods-Star Wars InfoUITests.release.xcconfig */,
			);
			name = Pods;
			sourceTree = "<group>";
		};
		5115240A21BC723D00FDC466 /* Api */ = {
			isa = PBXGroup;
			children = (
				5115240B21BC72D900FDC466 /* StarWarsApi.swift */,
			);
			path = Api;
			sourceTree = "<group>";
		};
		5115240D21BC87AD00FDC466 /* Helper Files */ = {
			isa = PBXGroup;
			children = (
				5115242821BCBD6800FDC466 /* BindableType.swift */,
				5115240E21BC87E300FDC466 /* Constants.swift */,
				5115242A21BCCB4800FDC466 /* Theme.swift */,
			);
			path = "Helper Files";
			sourceTree = "<group>";
		};
		5115244621C2226500FDC466 /* Storyboards */ = {
			isa = PBXGroup;
			children = (
				519E7BDC21BB55D9002518EB /* Main.storyboard */,
				5115244721C2228F00FDC466 /* Favorites.storyboard */,
				5115244921C222A100FDC466 /* Settings.storyboard */,
			);
			path = Storyboards;
			sourceTree = "<group>";
		};
		519E7BCC21BB55D8002518EB = {
			isa = PBXGroup;
			children = (
				519E7BD721BB55D9002518EB /* Star Wars Info */,
				519E7BEC21BB55DB002518EB /* Star Wars InfoTests */,
				519E7BF721BB55DB002518EB /* Star Wars InfoUITests */,
				519E7BD621BB55D9002518EB /* Products */,
				346C0B75A0E838E2EFF82A76 /* Pods */,
				EEE607B3A4C2CCE0CE240E97 /* Frameworks */,
			);
			sourceTree = "<group>";
		};
		519E7BD621BB55D9002518EB /* Products */ = {
			isa = PBXGroup;
			children = (
				519E7BD521BB55D9002518EB /* Star Wars Info.app */,
				519E7BE921BB55DB002518EB /* Star Wars InfoTests.xctest */,
				519E7BF421BB55DB002518EB /* Star Wars InfoUITests.xctest */,
			);
			name = Products;
			sourceTree = "<group>";
		};
		519E7BD721BB55D9002518EB /* Star Wars Info */ = {
			isa = PBXGroup;
			children = (
				519E7BD821BB55D9002518EB /* AppDelegate.swift */,
				5115240A21BC723D00FDC466 /* Api */,
				519E7C0E21BBAA2C002518EB /* Assets */,
				519E7C0621BBA918002518EB /* Coordinator */,
				519E7C0C21BBA9AB002518EB /* Controllers */,
				519E7C0721BBA92B002518EB /* Extensions */,
				5115240D21BC87AD00FDC466 /* Helper Files */,
				519E7C0B21BBA97B002518EB /* Model */,
				519E7C0A21BBA96E002518EB /* View */,
				519E7C0921BBA943002518EB /* View Models */,
				519E7BDA21BB55D9002518EB /* ViewController.swift */,
			);
			path = "Star Wars Info";
			sourceTree = "<group>";
		};
		519E7BEC21BB55DB002518EB /* Star Wars InfoTests */ = {
			isa = PBXGroup;
			children = (
				519E7BED21BB55DB002518EB /* Star_Wars_InfoTests.swift */,
				519E7BEF21BB55DB002518EB /* Info.plist */,
			);
			path = "Star Wars InfoTests";
			sourceTree = "<group>";
		};
		519E7BF721BB55DB002518EB /* Star Wars InfoUITests */ = {
			isa = PBXGroup;
			children = (
				519E7BF821BB55DB002518EB /* Star_Wars_InfoUITests.swift */,
				519E7BFA21BB55DB002518EB /* Info.plist */,
			);
			path = "Star Wars InfoUITests";
			sourceTree = "<group>";
		};
		519E7C0621BBA918002518EB /* Coordinator */ = {
			isa = PBXGroup;
			children = (
				5115242C21BCD83300FDC466 /* Coordinator.swift */,
				5115242E21BCDB7600FDC466 /* CoordinatorType.swift */,
				5115243021BCDBE500FDC466 /* AppCoordinator.swift */,
				5115243221BCDC1100FDC466 /* Coordinator+ViewController.swift */,
				5115243421BCDC2400FDC466 /* TransitionType.swift */,
				5115243821BDF65B00FDC466 /* TabCoordinator.swift */,
				5115244021C2200E00FDC466 /* InfoTabCoordinator.swift */,
				5115244221C2207D00FDC466 /* FavoriteTabCoordinator.swift */,
				5115244421C2209C00FDC466 /* SettingsTabCoordinator.swift */,
			);
			path = Coordinator;
			sourceTree = "<group>";
		};
		519E7C0721BBA92B002518EB /* Extensions */ = {
			isa = PBXGroup;
			children = (
				5115243621BCE2FC00FDC466 /* UINavigationController+Rx.swift */,
				5115243E21C21AC700FDC466 /* Storyboard+Extensions.swift */,
			);
			path = Extensions;
			sourceTree = "<group>";
		};
		519E7C0921BBA943002518EB /* View Models */ = {
			isa = PBXGroup;
			children = (
				5115241C21BC8FF500FDC466 /* InfoChoiceViewModel.swift */,
				5115241E21BC900A00FDC466 /* InfoListViewModel.swift */,
				5115242021BC901D00FDC466 /* InfoDetailViewModel.swift */,
				5115242221BC903C00FDC466 /* FavoritesListViewModel.swift */,
				5115242421BC905100FDC466 /* FavoritesDetailViewModel.swift */,
				5115242621BC906500FDC466 /* SettingsViewModel.swift */,
			);
			path = "View Models";
			sourceTree = "<group>";
		};
		519E7C0A21BBA96E002518EB /* View */ = {
			isa = PBXGroup;
			children = (
				5115244621C2226500FDC466 /* Storyboards */,
			);
			name = View;
			sourceTree = "<group>";
		};
		519E7C0B21BBA97B002518EB /* Model */ = {
			isa = PBXGroup;
			children = (
			);
			name = Model;
			sourceTree = "<group>";
		};
		519E7C0C21BBA9AB002518EB /* Controllers */ = {
			isa = PBXGroup;
			children = (
				5115241221BC8EF900FDC466 /* InfoChoiceViewController.swift */,
				5115241021BC8E8300FDC466 /* InfoListViewController.swift */,
				5115241421BC8F1700FDC466 /* InfoDetailViewController.swift */,
				5115241621BC8F2C00FDC466 /* FavoritesListViewController.swift */,
				5115241821BC8F5900FDC466 /* FavoritesDetailViewController.swift */,
				5115241A21BC8F6B00FDC466 /* SettingsViewController.swift */,
			);
			path = Controllers;
			sourceTree = "<group>";
		};
		519E7C0E21BBAA2C002518EB /* Assets */ = {
			isa = PBXGroup;
			children = (
				519E7BDF21BB55DB002518EB /* Assets.xcassets */,
				519E7BE121BB55DB002518EB /* LaunchScreen.storyboard */,
				519E7BE421BB55DB002518EB /* Info.plist */,
			);
			path = Assets;
			sourceTree = "<group>";
		};
		EEE607B3A4C2CCE0CE240E97 /* Frameworks */ = {
			isa = PBXGroup;
			children = (
				2D58AAB52F66C007259A19C7 /* Pods_Star_Wars_Info.framework */,
				2F59CC612EE16FA092DEA8B0 /* Pods_Star_Wars_InfoTests.framework */,
				9A771039024D804C2E304C0C /* Pods_Star_Wars_InfoUITests.framework */,
			);
			name = Frameworks;
			sourceTree = "<group>";
		};
/* End PBXGroup section */

/* Begin PBXNativeTarget section */
		519E7BD421BB55D8002518EB /* Star Wars Info */ = {
			isa = PBXNativeTarget;
			buildConfigurationList = 519E7BFD21BB55DB002518EB /* Build configuration list for PBXNativeTarget "Star Wars Info" */;
			buildPhases = (
				462DA07761C72AA18D177128 /* [CP] Check Pods Manifest.lock */,
				519E7BD121BB55D8002518EB /* Sources */,
				519E7BD221BB55D8002518EB /* Frameworks */,
				519E7BD321BB55D8002518EB /* Resources */,
				C812D612139338F611D5AB92 /* [CP] Embed Pods Frameworks */,
			);
			buildRules = (
			);
			dependencies = (
			);
			name = "Star Wars Info";
			productName = "Star Wars Info";
			productReference = 519E7BD521BB55D9002518EB /* Star Wars Info.app */;
			productType = "com.apple.product-type.application";
		};
		519E7BE821BB55DB002518EB /* Star Wars InfoTests */ = {
			isa = PBXNativeTarget;
			buildConfigurationList = 519E7C0021BB55DB002518EB /* Build configuration list for PBXNativeTarget "Star Wars InfoTests" */;
			buildPhases = (
				8FFF8BCE1159ED62EC521C41 /* [CP] Check Pods Manifest.lock */,
				519E7BE521BB55DB002518EB /* Sources */,
				519E7BE621BB55DB002518EB /* Frameworks */,
				519E7BE721BB55DB002518EB /* Resources */,
				C7E236712FA6F66AFD6C95C3 /* [CP] Embed Pods Frameworks */,
			);
			buildRules = (
			);
			dependencies = (
				519E7BEB21BB55DB002518EB /* PBXTargetDependency */,
			);
			name = "Star Wars InfoTests";
			productName = "Star Wars InfoTests";
			productReference = 519E7BE921BB55DB002518EB /* Star Wars InfoTests.xctest */;
			productType = "com.apple.product-type.bundle.unit-test";
		};
		519E7BF321BB55DB002518EB /* Star Wars InfoUITests */ = {
			isa = PBXNativeTarget;
			buildConfigurationList = 519E7C0321BB55DB002518EB /* Build configuration list for PBXNativeTarget "Star Wars InfoUITests" */;
			buildPhases = (
				6A873D5955EE1A18DF58EDE0 /* [CP] Check Pods Manifest.lock */,
				519E7BF021BB55DB002518EB /* Sources */,
				519E7BF121BB55DB002518EB /* Frameworks */,
				519E7BF221BB55DB002518EB /* Resources */,
			);
			buildRules = (
			);
			dependencies = (
				519E7BF621BB55DB002518EB /* PBXTargetDependency */,
			);
			name = "Star Wars InfoUITests";
			productName = "Star Wars InfoUITests";
			productReference = 519E7BF421BB55DB002518EB /* Star Wars InfoUITests.xctest */;
			productType = "com.apple.product-type.bundle.ui-testing";
		};
/* End PBXNativeTarget section */

/* Begin PBXProject section */
		519E7BCD21BB55D8002518EB /* Project object */ = {
			isa = PBXProject;
			attributes = {
				LastSwiftUpdateCheck = 1010;
				LastUpgradeCheck = 1010;
				ORGANIZATIONNAME = "Matthew Guest";
				TargetAttributes = {
					519E7BD421BB55D8002518EB = {
						CreatedOnToolsVersion = 10.1;
					};
					519E7BE821BB55DB002518EB = {
						CreatedOnToolsVersion = 10.1;
						TestTargetID = 519E7BD421BB55D8002518EB;
					};
					519E7BF321BB55DB002518EB = {
						CreatedOnToolsVersion = 10.1;
						TestTargetID = 519E7BD421BB55D8002518EB;
					};
				};
			};
			buildConfigurationList = 519E7BD021BB55D8002518EB /* Build configuration list for PBXProject "Star Wars Info" */;
			compatibilityVersion = "Xcode 9.3";
			developmentRegion = en;
			hasScannedForEncodings = 0;
			knownRegions = (
				en,
				Base,
			);
			mainGroup = 519E7BCC21BB55D8002518EB;
			productRefGroup = 519E7BD621BB55D9002518EB /* Products */;
			projectDirPath = "";
			projectRoot = "";
			targets = (
				519E7BD421BB55D8002518EB /* Star Wars Info */,
				519E7BE821BB55DB002518EB /* Star Wars InfoTests */,
				519E7BF321BB55DB002518EB /* Star Wars InfoUITests */,
			);
		};
/* End PBXProject section */

/* Begin PBXResourcesBuildPhase section */
		519E7BD321BB55D8002518EB /* Resources */ = {
			isa = PBXResourcesBuildPhase;
			buildActionMask = 2147483647;
			files = (
				519E7BE321BB55DB002518EB /* LaunchScreen.storyboard in Resources */,
				519E7BE021BB55DB002518EB /* Assets.xcassets in Resources */,
				5115244821C2228F00FDC466 /* Favorites.storyboard in Resources */,
				519E7BDE21BB55D9002518EB /* Main.storyboard in Resources */,
				5115244A21C222A100FDC466 /* Settings.storyboard in Resources */,
			);
			runOnlyForDeploymentPostprocessing = 0;
		};
		519E7BE721BB55DB002518EB /* Resources */ = {
			isa = PBXResourcesBuildPhase;
			buildActionMask = 2147483647;
			files = (
			);
			runOnlyForDeploymentPostprocessing = 0;
		};
		519E7BF221BB55DB002518EB /* Resources */ = {
			isa = PBXResourcesBuildPhase;
			buildActionMask = 2147483647;
			files = (
			);
			runOnlyForDeploymentPostprocessing = 0;
		};
/* End PBXResourcesBuildPhase section */

/* Begin PBXShellScriptBuildPhase section */
		462DA07761C72AA18D177128 /* [CP] Check Pods Manifest.lock */ = {
			isa = PBXShellScriptBuildPhase;
			buildActionMask = 2147483647;
			files = (
			);
			inputFileListPaths = (
			);
			inputPaths = (
				"${PODS_PODFILE_DIR_PATH}/Podfile.lock",
				"${PODS_ROOT}/Manifest.lock",
			);
			name = "[CP] Check Pods Manifest.lock";
			outputFileListPaths = (
			);
			outputPaths = (
				"$(DERIVED_FILE_DIR)/Pods-Star Wars Info-checkManifestLockResult.txt",
			);
			runOnlyForDeploymentPostprocessing = 0;
			shellPath = /bin/sh;
			shellScript = "diff \"${PODS_PODFILE_DIR_PATH}/Podfile.lock\" \"${PODS_ROOT}/Manifest.lock\" > /dev/null\nif [ $? != 0 ] ; then\n    # print error to STDERR\n    echo \"error: The sandbox is not in sync with the Podfile.lock. Run 'pod install' or update your CocoaPods installation.\" >&2\n    exit 1\nfi\n# This output is used by Xcode 'outputs' to avoid re-running this script phase.\necho \"SUCCESS\" > \"${SCRIPT_OUTPUT_FILE_0}\"\n";
			showEnvVarsInLog = 0;
		};
		6A873D5955EE1A18DF58EDE0 /* [CP] Check Pods Manifest.lock */ = {
			isa = PBXShellScriptBuildPhase;
			buildActionMask = 2147483647;
			files = (
			);
			inputFileListPaths = (
			);
			inputPaths = (
				"${PODS_PODFILE_DIR_PATH}/Podfile.lock",
				"${PODS_ROOT}/Manifest.lock",
			);
			name = "[CP] Check Pods Manifest.lock";
			outputFileListPaths = (
			);
			outputPaths = (
				"$(DERIVED_FILE_DIR)/Pods-Star Wars InfoUITests-checkManifestLockResult.txt",
			);
			runOnlyForDeploymentPostprocessing = 0;
			shellPath = /bin/sh;
			shellScript = "diff \"${PODS_PODFILE_DIR_PATH}/Podfile.lock\" \"${PODS_ROOT}/Manifest.lock\" > /dev/null\nif [ $? != 0 ] ; then\n    # print error to STDERR\n    echo \"error: The sandbox is not in sync with the Podfile.lock. Run 'pod install' or update your CocoaPods installation.\" >&2\n    exit 1\nfi\n# This output is used by Xcode 'outputs' to avoid re-running this script phase.\necho \"SUCCESS\" > \"${SCRIPT_OUTPUT_FILE_0}\"\n";
			showEnvVarsInLog = 0;
		};
		8FFF8BCE1159ED62EC521C41 /* [CP] Check Pods Manifest.lock */ = {
			isa = PBXShellScriptBuildPhase;
			buildActionMask = 2147483647;
			files = (
			);
			inputFileListPaths = (
			);
			inputPaths = (
				"${PODS_PODFILE_DIR_PATH}/Podfile.lock",
				"${PODS_ROOT}/Manifest.lock",
			);
			name = "[CP] Check Pods Manifest.lock";
			outputFileListPaths = (
			);
			outputPaths = (
				"$(DERIVED_FILE_DIR)/Pods-Star Wars InfoTests-checkManifestLockResult.txt",
			);
			runOnlyForDeploymentPostprocessing = 0;
			shellPath = /bin/sh;
			shellScript = "diff \"${PODS_PODFILE_DIR_PATH}/Podfile.lock\" \"${PODS_ROOT}/Manifest.lock\" > /dev/null\nif [ $? != 0 ] ; then\n    # print error to STDERR\n    echo \"error: The sandbox is not in sync with the Podfile.lock. Run 'pod install' or update your CocoaPods installation.\" >&2\n    exit 1\nfi\n# This output is used by Xcode 'outputs' to avoid re-running this script phase.\necho \"SUCCESS\" > \"${SCRIPT_OUTPUT_FILE_0}\"\n";
			showEnvVarsInLog = 0;
		};
		C7E236712FA6F66AFD6C95C3 /* [CP] Embed Pods Frameworks */ = {
			isa = PBXShellScriptBuildPhase;
			buildActionMask = 2147483647;
			files = (
			);
			inputFileListPaths = (
			);
			inputPaths = (
				"${SRCROOT}/Pods/Target Support Files/Pods-Star Wars InfoTests/Pods-Star Wars InfoTests-frameworks.sh",
				"${BUILT_PRODUCTS_DIR}/RxAtomic/RxAtomic.framework",
				"${BUILT_PRODUCTS_DIR}/RxSwift/RxSwift.framework",
				"${BUILT_PRODUCTS_DIR}/RxBlocking/RxBlocking.framework",
				"${BUILT_PRODUCTS_DIR}/RxTest/RxTest.framework",
			);
			name = "[CP] Embed Pods Frameworks";
			outputFileListPaths = (
			);
			outputPaths = (
				"${TARGET_BUILD_DIR}/${FRAMEWORKS_FOLDER_PATH}/RxAtomic.framework",
				"${TARGET_BUILD_DIR}/${FRAMEWORKS_FOLDER_PATH}/RxSwift.framework",
				"${TARGET_BUILD_DIR}/${FRAMEWORKS_FOLDER_PATH}/RxBlocking.framework",
				"${TARGET_BUILD_DIR}/${FRAMEWORKS_FOLDER_PATH}/RxTest.framework",
			);
			runOnlyForDeploymentPostprocessing = 0;
			shellPath = /bin/sh;
			shellScript = "\"${SRCROOT}/Pods/Target Support Files/Pods-Star Wars InfoTests/Pods-Star Wars InfoTests-frameworks.sh\"\n";
			showEnvVarsInLog = 0;
		};
		C812D612139338F611D5AB92 /* [CP] Embed Pods Frameworks */ = {
			isa = PBXShellScriptBuildPhase;
			buildActionMask = 2147483647;
			files = (
			);
			inputFileListPaths = (
			);
			inputPaths = (
				"${SRCROOT}/Pods/Target Support Files/Pods-Star Wars Info/Pods-Star Wars Info-frameworks.sh",
				"${BUILT_PRODUCTS_DIR}/Action/Action.framework",
				"${BUILT_PRODUCTS_DIR}/Alamofire/Alamofire.framework",
				"${BUILT_PRODUCTS_DIR}/Kingfisher/Kingfisher.framework",
				"${BUILT_PRODUCTS_DIR}/NSObject+Rx/NSObject_Rx.framework",
				"${BUILT_PRODUCTS_DIR}/Reachability/Reachability.framework",
				"${BUILT_PRODUCTS_DIR}/Realm/Realm.framework",
				"${BUILT_PRODUCTS_DIR}/RealmSwift/RealmSwift.framework",
				"${BUILT_PRODUCTS_DIR}/RxAtomic/RxAtomic.framework",
				"${BUILT_PRODUCTS_DIR}/RxCocoa/RxCocoa.framework",
				"${BUILT_PRODUCTS_DIR}/RxRealm/RxRealm.framework",
				"${BUILT_PRODUCTS_DIR}/RxRealmDataSources/RxRealmDataSources.framework",
				"${BUILT_PRODUCTS_DIR}/RxSwift/RxSwift.framework",
				"${BUILT_PRODUCTS_DIR}/Then/Then.framework",
				"${BUILT_PRODUCTS_DIR}/Unbox/Unbox.framework",
			);
			name = "[CP] Embed Pods Frameworks";
			outputFileListPaths = (
			);
			outputPaths = (
				"${TARGET_BUILD_DIR}/${FRAMEWORKS_FOLDER_PATH}/Action.framework",
				"${TARGET_BUILD_DIR}/${FRAMEWORKS_FOLDER_PATH}/Alamofire.framework",
				"${TARGET_BUILD_DIR}/${FRAMEWORKS_FOLDER_PATH}/Kingfisher.framework",
				"${TARGET_BUILD_DIR}/${FRAMEWORKS_FOLDER_PATH}/NSObject_Rx.framework",
				"${TARGET_BUILD_DIR}/${FRAMEWORKS_FOLDER_PATH}/Reachability.framework",
				"${TARGET_BUILD_DIR}/${FRAMEWORKS_FOLDER_PATH}/Realm.framework",
				"${TARGET_BUILD_DIR}/${FRAMEWORKS_FOLDER_PATH}/RealmSwift.framework",
				"${TARGET_BUILD_DIR}/${FRAMEWORKS_FOLDER_PATH}/RxAtomic.framework",
				"${TARGET_BUILD_DIR}/${FRAMEWORKS_FOLDER_PATH}/RxCocoa.framework",
				"${TARGET_BUILD_DIR}/${FRAMEWORKS_FOLDER_PATH}/RxRealm.framework",
				"${TARGET_BUILD_DIR}/${FRAMEWORKS_FOLDER_PATH}/RxRealmDataSources.framework",
				"${TARGET_BUILD_DIR}/${FRAMEWORKS_FOLDER_PATH}/RxSwift.framework",
				"${TARGET_BUILD_DIR}/${FRAMEWORKS_FOLDER_PATH}/Then.framework",
				"${TARGET_BUILD_DIR}/${FRAMEWORKS_FOLDER_PATH}/Unbox.framework",
			);
			runOnlyForDeploymentPostprocessing = 0;
			shellPath = /bin/sh;
			shellScript = "\"${SRCROOT}/Pods/Target Support Files/Pods-Star Wars Info/Pods-Star Wars Info-frameworks.sh\"\n";
			showEnvVarsInLog = 0;
		};
/* End PBXShellScriptBuildPhase section */

/* Begin PBXSourcesBuildPhase section */
		519E7BD121BB55D8002518EB /* Sources */ = {
			isa = PBXSourcesBuildPhase;
			buildActionMask = 2147483647;
			files = (
				5115240C21BC72D900FDC466 /* StarWarsApi.swift in Sources */,
				5115241521BC8F1700FDC466 /* InfoDetailViewController.swift in Sources */,
				5115244321C2207D00FDC466 /* FavoriteTabCoordinator.swift in Sources */,
				5115244121C2200E00FDC466 /* InfoTabCoordinator.swift in Sources */,
				5115241F21BC900A00FDC466 /* InfoListViewModel.swift in Sources */,
				5115241D21BC8FF500FDC466 /* InfoChoiceViewModel.swift in Sources */,
				519E7BDB21BB55D9002518EB /* ViewController.swift in Sources */,
				5115243921BDF65B00FDC466 /* TabCoordinator.swift in Sources */,
				5115241B21BC8F6B00FDC466 /* SettingsViewController.swift in Sources */,
				5115243521BCDC2400FDC466 /* TransitionType.swift in Sources */,
				5115242D21BCD83300FDC466 /* Coordinator.swift in Sources */,
				5115242521BC905100FDC466 /* FavoritesDetailViewModel.swift in Sources */,
				5115243721BCE2FC00FDC466 /* UINavigationController+Rx.swift in Sources */,
				519E7BD921BB55D9002518EB /* AppDelegate.swift in Sources */,
				5115240F21BC87E300FDC466 /* Constants.swift in Sources */,
				5115241121BC8E8300FDC466 /* InfoListViewController.swift in Sources */,
				5115242B21BCCB4800FDC466 /* Theme.swift in Sources */,
				5115242121BC901D00FDC466 /* InfoDetailViewModel.swift in Sources */,
				5115242321BC903C00FDC466 /* FavoritesListViewModel.swift in Sources */,
				5115242F21BCDB7600FDC466 /* CoordinatorType.swift in Sources */,
				5115243F21C21AC700FDC466 /* Storyboard+Extensions.swift in Sources */,
				5115241721BC8F2C00FDC466 /* FavoritesListViewController.swift in Sources */,
				5115243321BCDC1100FDC466 /* Coordinator+ViewController.swift in Sources */,
				5115242921BCBD6800FDC466 /* BindableType.swift in Sources */,
				5115241321BC8EF900FDC466 /* InfoChoiceViewController.swift in Sources */,
				5115241921BC8F5900FDC466 /* FavoritesDetailViewController.swift in Sources */,
				5115242721BC906500FDC466 /* SettingsViewModel.swift in Sources */,
				5115244521C2209C00FDC466 /* SettingsTabCoordinator.swift in Sources */,
				5115243121BCDBE500FDC466 /* AppCoordinator.swift in Sources */,
			);
			runOnlyForDeploymentPostprocessing = 0;
		};
		519E7BE521BB55DB002518EB /* Sources */ = {
			isa = PBXSourcesBuildPhase;
			buildActionMask = 2147483647;
			files = (
				519E7BEE21BB55DB002518EB /* Star_Wars_InfoTests.swift in Sources */,
			);
			runOnlyForDeploymentPostprocessing = 0;
		};
		519E7BF021BB55DB002518EB /* Sources */ = {
			isa = PBXSourcesBuildPhase;
			buildActionMask = 2147483647;
			files = (
				519E7BF921BB55DB002518EB /* Star_Wars_InfoUITests.swift in Sources */,
			);
			runOnlyForDeploymentPostprocessing = 0;
		};
/* End PBXSourcesBuildPhase section */

/* Begin PBXTargetDependency section */
		519E7BEB21BB55DB002518EB /* PBXTargetDependency */ = {
			isa = PBXTargetDependency;
			target = 519E7BD421BB55D8002518EB /* Star Wars Info */;
			targetProxy = 519E7BEA21BB55DB002518EB /* PBXContainerItemProxy */;
		};
		519E7BF621BB55DB002518EB /* PBXTargetDependency */ = {
			isa = PBXTargetDependency;
			target = 519E7BD421BB55D8002518EB /* Star Wars Info */;
			targetProxy = 519E7BF521BB55DB002518EB /* PBXContainerItemProxy */;
		};
/* End PBXTargetDependency section */

/* Begin PBXVariantGroup section */
		519E7BDC21BB55D9002518EB /* Main.storyboard */ = {
			isa = PBXVariantGroup;
			children = (
				519E7BDD21BB55D9002518EB /* Base */,
			);
			name = Main.storyboard;
			sourceTree = "<group>";
		};
		519E7BE121BB55DB002518EB /* LaunchScreen.storyboard */ = {
			isa = PBXVariantGroup;
			children = (
				519E7BE221BB55DB002518EB /* Base */,
			);
			name = LaunchScreen.storyboard;
			sourceTree = "<group>";
		};
/* End PBXVariantGroup section */

/* Begin XCBuildConfiguration section */
		519E7BFB21BB55DB002518EB /* Debug */ = {
			isa = XCBuildConfiguration;
			buildSettings = {
				ALWAYS_SEARCH_USER_PATHS = NO;
				CLANG_ANALYZER_NONNULL = YES;
				CLANG_ANALYZER_NUMBER_OBJECT_CONVERSION = YES_AGGRESSIVE;
				CLANG_CXX_LANGUAGE_STANDARD = "gnu++14";
				CLANG_CXX_LIBRARY = "libc++";
				CLANG_ENABLE_MODULES = YES;
				CLANG_ENABLE_OBJC_ARC = YES;
				CLANG_ENABLE_OBJC_WEAK = YES;
				CLANG_WARN_BLOCK_CAPTURE_AUTORELEASING = YES;
				CLANG_WARN_BOOL_CONVERSION = YES;
				CLANG_WARN_COMMA = YES;
				CLANG_WARN_CONSTANT_CONVERSION = YES;
				CLANG_WARN_DEPRECATED_OBJC_IMPLEMENTATIONS = YES;
				CLANG_WARN_DIRECT_OBJC_ISA_USAGE = YES_ERROR;
				CLANG_WARN_DOCUMENTATION_COMMENTS = YES;
				CLANG_WARN_EMPTY_BODY = YES;
				CLANG_WARN_ENUM_CONVERSION = YES;
				CLANG_WARN_INFINITE_RECURSION = YES;
				CLANG_WARN_INT_CONVERSION = YES;
				CLANG_WARN_NON_LITERAL_NULL_CONVERSION = YES;
				CLANG_WARN_OBJC_IMPLICIT_RETAIN_SELF = YES;
				CLANG_WARN_OBJC_LITERAL_CONVERSION = YES;
				CLANG_WARN_OBJC_ROOT_CLASS = YES_ERROR;
				CLANG_WARN_RANGE_LOOP_ANALYSIS = YES;
				CLANG_WARN_STRICT_PROTOTYPES = YES;
				CLANG_WARN_SUSPICIOUS_MOVE = YES;
				CLANG_WARN_UNGUARDED_AVAILABILITY = YES_AGGRESSIVE;
				CLANG_WARN_UNREACHABLE_CODE = YES;
				CLANG_WARN__DUPLICATE_METHOD_MATCH = YES;
				CODE_SIGN_IDENTITY = "iPhone Developer";
				COPY_PHASE_STRIP = NO;
				DEBUG_INFORMATION_FORMAT = dwarf;
				ENABLE_STRICT_OBJC_MSGSEND = YES;
				ENABLE_TESTABILITY = YES;
				GCC_C_LANGUAGE_STANDARD = gnu11;
				GCC_DYNAMIC_NO_PIC = NO;
				GCC_NO_COMMON_BLOCKS = YES;
				GCC_OPTIMIZATION_LEVEL = 0;
				GCC_PREPROCESSOR_DEFINITIONS = (
					"DEBUG=1",
					"$(inherited)",
				);
				GCC_WARN_64_TO_32_BIT_CONVERSION = YES;
				GCC_WARN_ABOUT_RETURN_TYPE = YES_ERROR;
				GCC_WARN_UNDECLARED_SELECTOR = YES;
				GCC_WARN_UNINITIALIZED_AUTOS = YES_AGGRESSIVE;
				GCC_WARN_UNUSED_FUNCTION = YES;
				GCC_WARN_UNUSED_VARIABLE = YES;
				IPHONEOS_DEPLOYMENT_TARGET = 12.1;
				MTL_ENABLE_DEBUG_INFO = INCLUDE_SOURCE;
				MTL_FAST_MATH = YES;
				ONLY_ACTIVE_ARCH = YES;
				SDKROOT = iphoneos;
				SWIFT_ACTIVE_COMPILATION_CONDITIONS = DEBUG;
				SWIFT_OPTIMIZATION_LEVEL = "-Onone";
			};
			name = Debug;
		};
		519E7BFC21BB55DB002518EB /* Release */ = {
			isa = XCBuildConfiguration;
			buildSettings = {
				ALWAYS_SEARCH_USER_PATHS = NO;
				CLANG_ANALYZER_NONNULL = YES;
				CLANG_ANALYZER_NUMBER_OBJECT_CONVERSION = YES_AGGRESSIVE;
				CLANG_CXX_LANGUAGE_STANDARD = "gnu++14";
				CLANG_CXX_LIBRARY = "libc++";
				CLANG_ENABLE_MODULES = YES;
				CLANG_ENABLE_OBJC_ARC = YES;
				CLANG_ENABLE_OBJC_WEAK = YES;
				CLANG_WARN_BLOCK_CAPTURE_AUTORELEASING = YES;
				CLANG_WARN_BOOL_CONVERSION = YES;
				CLANG_WARN_COMMA = YES;
				CLANG_WARN_CONSTANT_CONVERSION = YES;
				CLANG_WARN_DEPRECATED_OBJC_IMPLEMENTATIONS = YES;
				CLANG_WARN_DIRECT_OBJC_ISA_USAGE = YES_ERROR;
				CLANG_WARN_DOCUMENTATION_COMMENTS = YES;
				CLANG_WARN_EMPTY_BODY = YES;
				CLANG_WARN_ENUM_CONVERSION = YES;
				CLANG_WARN_INFINITE_RECURSION = YES;
				CLANG_WARN_INT_CONVERSION = YES;
				CLANG_WARN_NON_LITERAL_NULL_CONVERSION = YES;
				CLANG_WARN_OBJC_IMPLICIT_RETAIN_SELF = YES;
				CLANG_WARN_OBJC_LITERAL_CONVERSION = YES;
				CLANG_WARN_OBJC_ROOT_CLASS = YES_ERROR;
				CLANG_WARN_RANGE_LOOP_ANALYSIS = YES;
				CLANG_WARN_STRICT_PROTOTYPES = YES;
				CLANG_WARN_SUSPICIOUS_MOVE = YES;
				CLANG_WARN_UNGUARDED_AVAILABILITY = YES_AGGRESSIVE;
				CLANG_WARN_UNREACHABLE_CODE = YES;
				CLANG_WARN__DUPLICATE_METHOD_MATCH = YES;
				CODE_SIGN_IDENTITY = "iPhone Developer";
				COPY_PHASE_STRIP = NO;
				DEBUG_INFORMATION_FORMAT = "dwarf-with-dsym";
				ENABLE_NS_ASSERTIONS = NO;
				ENABLE_STRICT_OBJC_MSGSEND = YES;
				GCC_C_LANGUAGE_STANDARD = gnu11;
				GCC_NO_COMMON_BLOCKS = YES;
				GCC_WARN_64_TO_32_BIT_CONVERSION = YES;
				GCC_WARN_ABOUT_RETURN_TYPE = YES_ERROR;
				GCC_WARN_UNDECLARED_SELECTOR = YES;
				GCC_WARN_UNINITIALIZED_AUTOS = YES_AGGRESSIVE;
				GCC_WARN_UNUSED_FUNCTION = YES;
				GCC_WARN_UNUSED_VARIABLE = YES;
				IPHONEOS_DEPLOYMENT_TARGET = 12.1;
				MTL_ENABLE_DEBUG_INFO = NO;
				MTL_FAST_MATH = YES;
				SDKROOT = iphoneos;
				SWIFT_COMPILATION_MODE = wholemodule;
				SWIFT_OPTIMIZATION_LEVEL = "-O";
				VALIDATE_PRODUCT = YES;
			};
			name = Release;
		};
		519E7BFE21BB55DB002518EB /* Debug */ = {
			isa = XCBuildConfiguration;
			baseConfigurationReference = F64BD6F9EA81113F8AEA5CD1 /* Pods-Star Wars Info.debug.xcconfig */;
			buildSettings = {
				ASSETCATALOG_COMPILER_APPICON_NAME = AppIcon;
				CODE_SIGN_STYLE = Automatic;
				DEVELOPMENT_TEAM = Q54HXSJPYH;
				INFOPLIST_FILE = "$(SRCROOT)/Star Wars Info/Assets/Info.plist";
				LD_RUNPATH_SEARCH_PATHS = (
					"$(inherited)",
					"@executable_path/Frameworks",
				);
				PRODUCT_BUNDLE_IDENTIFIER = "com.matt-guest.Star-Wars-Info";
				PRODUCT_NAME = "$(TARGET_NAME)";
				SWIFT_VERSION = 4.2;
				TARGETED_DEVICE_FAMILY = "1,2";
			};
			name = Debug;
		};
		519E7BFF21BB55DB002518EB /* Release */ = {
			isa = XCBuildConfiguration;
			baseConfigurationReference = C60EACA1D74796DAC101A6A0 /* Pods-Star Wars Info.release.xcconfig */;
			buildSettings = {
				ASSETCATALOG_COMPILER_APPICON_NAME = AppIcon;
				CODE_SIGN_STYLE = Automatic;
				DEVELOPMENT_TEAM = Q54HXSJPYH;
				INFOPLIST_FILE = "$(SRCROOT)/Star Wars Info/Assets/Info.plist";
				LD_RUNPATH_SEARCH_PATHS = (
					"$(inherited)",
					"@executable_path/Frameworks",
				);
				PRODUCT_BUNDLE_IDENTIFIER = "com.matt-guest.Star-Wars-Info";
				PRODUCT_NAME = "$(TARGET_NAME)";
				SWIFT_VERSION = 4.2;
				TARGETED_DEVICE_FAMILY = "1,2";
			};
			name = Release;
		};
		519E7C0121BB55DB002518EB /* Debug */ = {
			isa = XCBuildConfiguration;
			baseConfigurationReference = 9873F9F3C96F4F8C24A1B4AE /* Pods-Star Wars InfoTests.debug.xcconfig */;
			buildSettings = {
				ALWAYS_EMBED_SWIFT_STANDARD_LIBRARIES = YES;
				BUNDLE_LOADER = "$(TEST_HOST)";
				CODE_SIGN_STYLE = Automatic;
				DEVELOPMENT_TEAM = Q54HXSJPYH;
				INFOPLIST_FILE = "Star Wars InfoTests/Info.plist";
				LD_RUNPATH_SEARCH_PATHS = (
					"$(inherited)",
					"@executable_path/Frameworks",
					"@loader_path/Frameworks",
				);
				PRODUCT_BUNDLE_IDENTIFIER = "com.matt-guest.Star-Wars-InfoTests";
				PRODUCT_NAME = "$(TARGET_NAME)";
				SWIFT_VERSION = 4.2;
				TARGETED_DEVICE_FAMILY = "1,2";
				TEST_HOST = "$(BUILT_PRODUCTS_DIR)/Star Wars Info.app/Star Wars Info";
			};
			name = Debug;
		};
		519E7C0221BB55DB002518EB /* Release */ = {
			isa = XCBuildConfiguration;
			baseConfigurationReference = F4BB39AC1ADDEE9A6716FE9A /* Pods-Star Wars InfoTests.release.xcconfig */;
			buildSettings = {
				ALWAYS_EMBED_SWIFT_STANDARD_LIBRARIES = YES;
				BUNDLE_LOADER = "$(TEST_HOST)";
				CODE_SIGN_STYLE = Automatic;
				DEVELOPMENT_TEAM = Q54HXSJPYH;
				INFOPLIST_FILE = "Star Wars InfoTests/Info.plist";
				LD_RUNPATH_SEARCH_PATHS = (
					"$(inherited)",
					"@executable_path/Frameworks",
					"@loader_path/Frameworks",
				);
				PRODUCT_BUNDLE_IDENTIFIER = "com.matt-guest.Star-Wars-InfoTests";
				PRODUCT_NAME = "$(TARGET_NAME)";
				SWIFT_VERSION = 4.2;
				TARGETED_DEVICE_FAMILY = "1,2";
				TEST_HOST = "$(BUILT_PRODUCTS_DIR)/Star Wars Info.app/Star Wars Info";
			};
			name = Release;
		};
		519E7C0421BB55DB002518EB /* Debug */ = {
			isa = XCBuildConfiguration;
			baseConfigurationReference = E935275694076095EBF7FA2C /* Pods-Star Wars InfoUITests.debug.xcconfig */;
			buildSettings = {
				ALWAYS_EMBED_SWIFT_STANDARD_LIBRARIES = YES;
				CODE_SIGN_STYLE = Automatic;
				DEVELOPMENT_TEAM = Q54HXSJPYH;
				INFOPLIST_FILE = "Star Wars InfoUITests/Info.plist";
				LD_RUNPATH_SEARCH_PATHS = (
					"$(inherited)",
					"@executable_path/Frameworks",
					"@loader_path/Frameworks",
				);
				PRODUCT_BUNDLE_IDENTIFIER = "com.matt-guest.Star-Wars-InfoUITests";
				PRODUCT_NAME = "$(TARGET_NAME)";
				SWIFT_VERSION = 4.2;
				TARGETED_DEVICE_FAMILY = "1,2";
				TEST_TARGET_NAME = "Star Wars Info";
			};
			name = Debug;
		};
		519E7C0521BB55DB002518EB /* Release */ = {
			isa = XCBuildConfiguration;
			baseConfigurationReference = B4377EB66D4985A0EB8574C3 /* Pods-Star Wars InfoUITests.release.xcconfig */;
			buildSettings = {
				ALWAYS_EMBED_SWIFT_STANDARD_LIBRARIES = YES;
				CODE_SIGN_STYLE = Automatic;
				DEVELOPMENT_TEAM = Q54HXSJPYH;
				INFOPLIST_FILE = "Star Wars InfoUITests/Info.plist";
				LD_RUNPATH_SEARCH_PATHS = (
					"$(inherited)",
					"@executable_path/Frameworks",
					"@loader_path/Frameworks",
				);
				PRODUCT_BUNDLE_IDENTIFIER = "com.matt-guest.Star-Wars-InfoUITests";
				PRODUCT_NAME = "$(TARGET_NAME)";
				SWIFT_VERSION = 4.2;
				TARGETED_DEVICE_FAMILY = "1,2";
				TEST_TARGET_NAME = "Star Wars Info";
			};
			name = Release;
		};
/* End XCBuildConfiguration section */

/* Begin XCConfigurationList section */
		519E7BD021BB55D8002518EB /* Build configuration list for PBXProject "Star Wars Info" */ = {
			isa = XCConfigurationList;
			buildConfigurations = (
				519E7BFB21BB55DB002518EB /* Debug */,
				519E7BFC21BB55DB002518EB /* Release */,
			);
			defaultConfigurationIsVisible = 0;
			defaultConfigurationName = Release;
		};
		519E7BFD21BB55DB002518EB /* Build configuration list for PBXNativeTarget "Star Wars Info" */ = {
			isa = XCConfigurationList;
			buildConfigurations = (
				519E7BFE21BB55DB002518EB /* Debug */,
				519E7BFF21BB55DB002518EB /* Release */,
			);
			defaultConfigurationIsVisible = 0;
			defaultConfigurationName = Release;
		};
		519E7C0021BB55DB002518EB /* Build configuration list for PBXNativeTarget "Star Wars InfoTests" */ = {
			isa = XCConfigurationList;
			buildConfigurations = (
				519E7C0121BB55DB002518EB /* Debug */,
				519E7C0221BB55DB002518EB /* Release */,
			);
			defaultConfigurationIsVisible = 0;
			defaultConfigurationName = Release;
		};
		519E7C0321BB55DB002518EB /* Build configuration list for PBXNativeTarget "Star Wars InfoUITests" */ = {
			isa = XCConfigurationList;
			buildConfigurations = (
				519E7C0421BB55DB002518EB /* Debug */,
				519E7C0521BB55DB002518EB /* Release */,
			);
			defaultConfigurationIsVisible = 0;
			defaultConfigurationName = Release;
		};
/* End XCConfigurationList section */
	};
	rootObject = 519E7BCD21BB55D8002518EB /* Project object */;
}
